{
  "name": "@xenosite/xpict",
  "version": "0.1.0",
  "lockfileVersion": 3,
  "requires": true,
  "packages": {
    "": {
      "name": "@xenosite/xpict",
      "version": "0.1.0",
      "devDependencies": {
        "typescript": "^5.6.0"
      },
      "optionalDependencies": {
        "elkjs": "^0.9.3"
      }
    },
    "node_modules/elkjs": {
      "version": "0.9.3",
      "resolved": "https://registry.npmjs.org/elkjs/-/elkjs-0.9.3.tgz",
      "integrity": "sha512-f/ZeWvW/BCXbhGEf1Ujp29EASo/lk1FDnETgNKwJrsVvGZhUWCZyg3xLJjAsxfOmt8KjswHmI5EwCQcPMpOYhQ==",
      "license": "EPL-2.0",
      "optional": true
    },
    "node_modules/typescript": {
      "version": "5.9.3",
      "resolved": "https://registry.npmjs.org/typescript/-/typescript-5.9.3.tgz",
      "integrity": "sha512-jl1vZzPDinLr9eUt3J/t7V6FgNEw9QjvBPdysz9KfQDD41fQrC2Y4vKQdiaUpFT4bXlb1RHhLpp8wtm6M5TgSw==",
      "dev": true,
      "license": "Apache-2.0",
      "bin": {
        "tsc": "bin/tsc",
        "tsserver": "bin/tsserver"
      },
      "engines": {
        "node": ">=14.17"
      }
    }
  }
}
